
Microsoft Visual Studio Solution File, Format Version 12.00
# Visual Studio Version 17
VisualStudioVersion = 17.4.33110.190
MinimumVisualStudioVersion = 10.0.40219.1
Project("{FAE04EC0-301F-11D3-BF4B-00C04F79EFBC}") = "TomTestApi", "TomTestApi\TomTestApi.csproj", "{EFC2075D-DE38-4991-B6EC-66462FF965FC}"
EndProject
Global
	GlobalSection(SolutionConfigurationPlatforms) = preSolution
		Debug|Any CPU = Debug|Any CPU
		Release|Any CPU = Release|Any CPU
	EndGlobalSection
	GlobalSection(ProjectConfigurationPlatforms) = postSolution
		{EFC2075D-DE38-4991-B6EC-66462FF965FC}.Debug|Any CPU.ActiveCfg = Debug|Any CPU
		{EFC2075D-DE38-4991-B6EC-66462FF965FC}.Debug|Any CPU.Build.0 = Debug|Any CPU
		{EFC2075D-DE38-4991-B6EC-66462FF965FC}.Release|Any CPU.ActiveCfg = Release|Any CPU
		{EFC2075D-DE38-4991-B6EC-66462FF965FC}.Release|Any CPU.Build.0 = Release|Any CPU
	EndGlobalSection
	GlobalSection(SolutionProperties) = preSolution
		HideSolutionNode = FALSE
	EndGlobalSection
	GlobalSection(ExtensibilityGlobals) = postSolution
		SolutionGuid = {F3F9B8CE-92E7-4B6F-94FD-0A3BF659EDBD}
	EndGlobalSection
EndGlobal
